
Microsoft Visual Studio Solution File, Format Version 12.00
# Visual Studio Version 17
VisualStudioVersion = 17.5.33516.290
MinimumVisualStudioVersion = 10.0.40219.1
Project("{FAE04EC0-301F-11D3-BF4B-00C04F79EFBC}") = "FizzBuzz.Game", "FizzBuzz.Game\FizzBuzz.Game.csproj", "{FCA848ED-2218-4ADC-A198-140E7580E912}"
EndProject
Project("{FAE04EC0-301F-11D3-BF4B-00C04F79EFBC}") = "FizzBuzz.Test", "FizzBuzz.Test\FizzBuzz.Test.csproj", "{DDCBACA9-BC85-4D5B-AB66-8D590D3CEB18}"
EndProject
Global
	GlobalSection(SolutionConfigurationPlatforms) = preSolution
		Debug|Any CPU = Debug|Any CPU
		Release|Any CPU = Release|Any CPU
	EndGlobalSection
	GlobalSection(ProjectConfigurationPlatforms) = postSolution
		{FCA848ED-2218-4ADC-A198-140E7580E912}.Debug|Any CPU.ActiveCfg = Debug|Any CPU
		{FCA848ED-2218-4ADC-A198-140E7580E912}.Debug|Any CPU.Build.0 = Debug|Any CPU
		{FCA848ED-2218-4ADC-A198-140E7580E912}.Release|Any CPU.ActiveCfg = Release|Any CPU
		{FCA848ED-2218-4ADC-A198-140E7580E912}.Release|Any CPU.Build.0 = Release|Any CPU
		{DDCBACA9-BC85-4D5B-AB66-8D590D3CEB18}.Debug|Any CPU.ActiveCfg = Debug|Any CPU
		{DDCBACA9-BC85-4D5B-AB66-8D590D3CEB18}.Debug|Any CPU.Build.0 = Debug|Any CPU
		{DDCBACA9-BC85-4D5B-AB66-8D590D3CEB18}.Release|Any CPU.ActiveCfg = Release|Any CPU
		{DDCBACA9-BC85-4D5B-AB66-8D590D3CEB18}.Release|Any CPU.Build.0 = Release|Any CPU
	EndGlobalSection
	GlobalSection(SolutionProperties) = preSolution
		HideSolutionNode = FALSE
	EndGlobalSection
	GlobalSection(ExtensibilityGlobals) = postSolution
		SolutionGuid = {A03EF7F3-05D6-41B7-A8E5-997D4A575E31}
	EndGlobalSection
EndGlobal
